<?xml version="1.0" encoding="utf-8"?>
<Project ToolsVersion="4.0" xmlns="http://schemas.microsoft.com/developer/msbuild/2003">
  <ItemGroup>
    <Filter Include="源文件">
      <UniqueIdentifier>{4FC737F1-C7A5-4376-A066-2A32D752A2FF}</UniqueIdentifier>
      <Extensions>cpp;c;cc;cxx;c++;cppm;ixx;def;odl;idl;hpj;bat;asm;asmx</Extensions>
    </Filter>
    <Filter Include="头文件">
      <UniqueIdentifier>{93995380-89BD-4b04-88EB-625FBE52EBFB}</UniqueIdentifier>
      <Extensions>h;hh;hpp;hxx;h++;hm;inl;inc;ipp;xsd</Extensions>
    </Filter>
    <Filter Include="资源文件">
      <UniqueIdentifier>{67DA6AB6-F800-4c08-8B7A-83BB121AAD01}</UniqueIdentifier>
      <Extensions>rc;ico;cur;bmp;dlg;rc2;rct;bin;rgs;gif;jpg;jpeg;jpe;resx;tiff;tif;png;wav;mfcribbon-ms</Extensions>
    </Filter>
  </ItemGroup>
  <ItemGroup>
    <ClInclude Include="Resource.h">
      <Filter>头文件</Filter>
    </ClInclude>
    <ClInclude Include="PuzzleGame.h">
      <Filter>头文件</Filter>
    </ClInclude>
    <ClInclude Include="targetver.h">
      <Filter>头文件</Filter>
    </ClInclude>
    <ClInclude Include="resource1.h">
      <Filter>头文件</Filter>
    </ClInclude>
    <ClInclude Include="resource2.h">
      <Filter>头文件</Filter>
    </ClInclude>
    <ClInclude Include="resource3.h">
      <Filter>头文件</Filter>
    </ClInclude>
    <ClInclude Include="resource4.h">
      <Filter>头文件</Filter>
    </ClInclude>
  </ItemGroup>
  <ItemGroup>
    <ClCompile Include="PuzzleGame.cpp">
      <Filter>源文件</Filter>
    </ClCompile>
  </ItemGroup>
  <ItemGroup>
    <ResourceCompile Include="PuzzleGame.rc">
      <Filter>资源文件</Filter>
    </ResourceCompile>
    <ResourceCompile Include="PuzzleGame1.rc">
      <Filter>资源文件</Filter>
    </ResourceCompile>
    <ResourceCompile Include="PuzzleGame2.rc">
      <Filter>资源文件</Filter>
    </ResourceCompile>
    <ResourceCompile Include="PuzzleGame3.rc">
      <Filter>资源文件</Filter>
    </ResourceCompile>
    <ResourceCompile Include="PuzzleGame4.rc">
      <Filter>资源文件</Filter>
    </ResourceCompile>
  </ItemGroup>
  <ItemGroup>
    <Image Include="small.ico">
      <Filter>资源文件</Filter>
    </Image>
    <Image Include="PuzzleGame.ico">
      <Filter>资源文件</Filter>
    </Image>
    <Image Include="resources\map.bmp">
      <Filter>资源文件</Filter>
    </Image>
    <Image Include="resources\player.bmp">
      <Filter>资源文件</Filter>
    </Image>
    <Image Include="resources\background.bmp">
      <Filter>资源文件</Filter>
    </Image>
    <Image Include="resources\startbutton.bmp">
      <Filter>资源文件</Filter>
    </Image>
    <Image Include="resources\npc_man1.bmp">
      <Filter>资源文件</Filter>
    </Image>
    <Image Include="resources\dialog.bmp">
      <Filter>资源文件</Filter>
    </Image>
    <Image Include="resources\monster1.bmp">
      <Filter>资源文件</Filter>
    </Image>
    <Image Include="resources\attack.bmp">
      <Filter>资源文件</Filter>
    </Image>
    <Image Include="..\..\..\..\..\Downloads\HELPB.bmp">
      <Filter>资源文件</Filter>
    </Image>
    <Image Include="resources\helpbutton.bmp">
      <Filter>资源文件</Filter>
    </Image>
    <Image Include="resources\monster2.bmp">
      <Filter>资源文件</Filter>
    </Image>
    <Image Include="resources\helpmap1.bmp">
      <Filter>资源文件</Filter>
    </Image>
    <Image Include="resources\pause.bmp">
      <Filter>资源文件</Filter>
    </Image>
    <Image Include="resources\pause.bmp">
      <Filter>资源文件</Filter>
    </Image>
    <Image Include="resources\pauseb.bmp">
      <Filter>资源文件</Filter>
    </Image>
    <Image Include="resources\pausebutton1.bmp">
      <Filter>资源文件</Filter>
    </Image>
    <Image Include="resources\stage3.bmp">
      <Filter>资源文件</Filter>
    </Image>
    <Image Include="resources\pausebutton.bmp">
      <Filter>资源文件</Filter>
    </Image>
    <Image Include="resources\restartb.bmp">
      <Filter>资源文件</Filter>
    </Image>
    <Image Include="resources\returnb.bmp">
      <Filter>资源文件</Filter>
    </Image>
    <Image Include="resources\returnb1.bmp">
      <Filter>资源文件</Filter>
    </Image>
    <Image Include="resources\monster1 - Copy.bmp">
      <Filter>资源文件</Filter>
    </Image>
  </ItemGroup>
  <ItemGroup>
    <Media Include="fightm.wav">
      <Filter>资源文件</Filter>
    </Media>
    <Media Include="killm.wav">
      <Filter>资源文件</Filter>
    </Media>
  </ItemGroup>
  <ItemGroup>
    <None Include="resources\wave5.bin">
      <Filter>资源文件</Filter>
    </None>
  </ItemGroup>
</Project>